github.com/fsnotify/fsnotify v1.7.0 h1:8JEhPFa5W2WU7YfeZzPNqzMP6Lwt7L2715Ggo0nosvA=
github.com/fsnotify/fsnotify v1.7.0/go.mod h1:40Bi/Hjc2AVfZrqy+aj+yEI+/bRxZnMJyTJwOpGvigM=
github.com/tencentcloud/tencentcloud-sdk-go/tencentcloud/common v1.0.964 h1:ET3EulYQvWrdD5FNwOP+196w5Vbniy/uRGucM5ILExQ=
github.com/tencentcloud/tencentcloud-sdk-go/tencentcloud/common v1.0.964/go.mod h1:r5r4xbfxSaeR04b166HGsBa/R4U3SueirEUpXGuw+Q0=
github.com/tencentcloud/tencentcloud-sdk-go/tencentcloud/dnspod v1.0.964 h1:zcxznuv78WyV/KcTk2UmzWfzrGKUB8GNnLfm5LivLwY=
github.com/tencentcloud/tencentcloud-sdk-go/tencentcloud/dnspod v1.0.964/go.mod h1:w3gC7GW9hBhtygbbBiSUsGiH/J7tSe/5EaHMUvbLzBA=
golang.org/x/sys v0.4.0 h1:Zr2JFtRQNX3BCZ8YtxRE9hNJYC8J6I1MVbMg6owUp18=
golang.org/x/sys v0.4.0/go.mod h1:oPkhp1MJrh7nUepCBck5+mAzfO9JrbApNNgaTdGDITg=
